
Microsoft Visual Studio Solution File, Format Version 12.00
# Visual Studio Version 16
VisualStudioVersion = 16.0.31105.61
MinimumVisualStudioVersion = 10.0.40219.1
Project("{FAE04EC0-301F-11D3-BF4B-00C04F79EFBC}") = "I18NFivem", "I18NFivem\I18NFivem.csproj", "{3FB54945-1706-446E-B9CC-7903A09C8906}"
EndProject
Global
	GlobalSection(SolutionConfigurationPlatforms) = preSolution
		Debug|Any CPU = Debug|Any CPU
		Release|Any CPU = Release|Any CPU
	EndGlobalSection
	GlobalSection(ProjectConfigurationPlatforms) = postSolution
		{3FB54945-1706-446E-B9CC-7903A09C8906}.Debug|Any CPU.ActiveCfg = Debug|Any CPU
		{3FB54945-1706-446E-B9CC-7903A09C8906}.Debug|Any CPU.Build.0 = Debug|Any CPU
		{3FB54945-1706-446E-B9CC-7903A09C8906}.Release|Any CPU.ActiveCfg = Release|Any CPU
		{3FB54945-1706-446E-B9CC-7903A09C8906}.Release|Any CPU.Build.0 = Release|Any CPU
	EndGlobalSection
	GlobalSection(SolutionProperties) = preSolution
		HideSolutionNode = FALSE
	EndGlobalSection
	GlobalSection(ExtensibilityGlobals) = postSolution
		SolutionGuid = {B224ACD7-03C4-4ECB-BD4D-B0EBADB98725}
	EndGlobalSection
EndGlobal
